// !$*UTF8*$!
{
	archiveVersion = 1;
	classes = {
	};
	objectVersion = 56;
	objects = {

/* Begin PBXBuildFile section */
		8C4D2EAA2909D2760007DAAC /* AppDelegate.swift in Sources */ = {isa = PBXBuildFile; fileRef = 8C4D2EA92909D2760007DAAC /* AppDelegate.swift */; };
		8C4D2EAC2909D2760007DAAC /* SceneDelegate.swift in Sources */ = {isa = PBXBuildFile; fileRef = 8C4D2EAB2909D2760007DAAC /* SceneDelegate.swift */; };
		8C4D2EAE2909D2760007DAAC /* ViewController.swift in Sources */ = {isa = PBXBuildFile; fileRef = 8C4D2EAD2909D2760007DAAC /* ViewController.swift */; };
		8C4D2EB32909D2780007DAAC /* Assets.xcassets in Resources */ = {isa = PBXBuildFile; fileRef = 8C4D2EB22909D2780007DAAC /* Assets.xcassets */; };
		8C4D2EB62909D2780007DAAC /* LaunchScreen.storyboard in Resources */ = {isa = PBXBuildFile; fileRef = 8C4D2EB42909D2780007DAAC /* LaunchScreen.storyboard */; };
		8C4D2EC12909D2780007DAAC /* Brawl_StarsTests.swift in Sources */ = {isa = PBXBuildFile; fileRef = 8C4D2EC02909D2780007DAAC /* Brawl_StarsTests.swift */; };
		8C4D2ECB2909D2780007DAAC /* Brawl_StarsUITests.swift in Sources */ = {isa = PBXBuildFile; fileRef = 8C4D2ECA2909D2780007DAAC /* Brawl_StarsUITests.swift */; };
		8C4D2ECD2909D2780007DAAC /* Brawl_StarsUITestsLaunchTests.swift in Sources */ = {isa = PBXBuildFile; fileRef = 8C4D2ECC2909D2780007DAAC /* Brawl_StarsUITestsLaunchTests.swift */; };
		8C5EAA7C29106E4B00661102 /* UIView+ConstraintsExt.swift in Sources */ = {isa = PBXBuildFile; fileRef = 8C5EAA7B29106E4B00661102 /* UIView+ConstraintsExt.swift */; };
		8C5EAA7E29106ECB00661102 /* UIViewController+EmbedExt.swift in Sources */ = {isa = PBXBuildFile; fileRef = 8C5EAA7D29106ECB00661102 /* UIViewController+EmbedExt.swift */; };
		D9826476BB8D6DF7A51B1DC0 /* Brawler.swift in Sources */ = {isa = PBXBuildFile; fileRef = D98B7563BAF653ECD9D9CC71 /* Brawler.swift */; };
		D9875905871C8C4A8ADDB733 /* BrawlStarsApi.swift in Sources */ = {isa = PBXBuildFile; fileRef = D98237C037ADF4C9AAA90AC3 /* BrawlStarsApi.swift */; };
		D9887D0E4C4FBFF879294CBD /* Accessory.swift in Sources */ = {isa = PBXBuildFile; fileRef = D984A00D639EE5CB74D61AC1 /* Accessory.swift */; };
		D98942482A70104F5DC4AC31 /* BrawlerListInteractor.swift in Sources */ = {isa = PBXBuildFile; fileRef = D98257FCD6B57008C7CBAB69 /* BrawlerListInteractor.swift */; };
		D98C4BD39798A5B1FF9A41E6 /* StarPower.swift in Sources */ = {isa = PBXBuildFile; fileRef = D986C939475425D9C34DDC5B /* StarPower.swift */; };
		D98D1E76B4129A592E94ACAA /* BrawlerListViewController.swift in Sources */ = {isa = PBXBuildFile; fileRef = D980060CCFE95C695117187D /* BrawlerListViewController.swift */; };
		D98E4397DE8CC0F986E47ED8 /* BrawlerList.swift in Sources */ = {isa = PBXBuildFile; fileRef = D9848A644D89B009D189A922 /* BrawlerList.swift */; };
/* End PBXBuildFile section */

/* Begin PBXContainerItemProxy section */
		8C4D2EBD2909D2780007DAAC /* PBXContainerItemProxy */ = {
			isa = PBXContainerItemProxy;
			containerPortal = 8C4D2E9E2909D2760007DAAC /* Project object */;
			proxyType = 1;
			remoteGlobalIDString = 8C4D2EA52909D2760007DAAC;
			remoteInfo = "Brawl Stars";
		};
		8C4D2EC72909D2780007DAAC /* PBXContainerItemProxy */ = {
			isa = PBXContainerItemProxy;
			containerPortal = 8C4D2E9E2909D2760007DAAC /* Project object */;
			proxyType = 1;
			remoteGlobalIDString = 8C4D2EA52909D2760007DAAC;
			remoteInfo = "Brawl Stars";
		};
/* End PBXContainerItemProxy section */

/* Begin PBXFileReference section */
		8C4D2EA62909D2760007DAAC /* Brawl Stars.app */ = {isa = PBXFileReference; explicitFileType = wrapper.application; includeInIndex = 0; path = "Brawl Stars.app"; sourceTree = BUILT_PRODUCTS_DIR; };
		8C4D2EA92909D2760007DAAC /* AppDelegate.swift */ = {isa = PBXFileReference; lastKnownFileType = sourcecode.swift; path = AppDelegate.swift; sourceTree = "<group>"; };
		8C4D2EAB2909D2760007DAAC /* SceneDelegate.swift */ = {isa = PBXFileReference; lastKnownFileType = sourcecode.swift; path = SceneDelegate.swift; sourceTree = "<group>"; };
		8C4D2EAD2909D2760007DAAC /* ViewController.swift */ = {isa = PBXFileReference; lastKnownFileType = sourcecode.swift; path = ViewController.swift; sourceTree = "<group>"; };
		8C4D2EB22909D2780007DAAC /* Assets.xcassets */ = {isa = PBXFileReference; lastKnownFileType = folder.assetcatalog; path = Assets.xcassets; sourceTree = "<group>"; };
		8C4D2EB52909D2780007DAAC /* Base */ = {isa = PBXFileReference; lastKnownFileType = file.storyboard; name = Base; path = Base.lproj/LaunchScreen.storyboard; sourceTree = "<group>"; };
		8C4D2EB72909D2780007DAAC /* Info.plist */ = {isa = PBXFileReference; lastKnownFileType = text.plist.xml; path = Info.plist; sourceTree = "<group>"; };
		8C4D2EBC2909D2780007DAAC /* Brawl StarsTests.xctest */ = {isa = PBXFileReference; explicitFileType = wrapper.cfbundle; includeInIndex = 0; path = "Brawl StarsTests.xctest"; sourceTree = BUILT_PRODUCTS_DIR; };
		8C4D2EC02909D2780007DAAC /* Brawl_StarsTests.swift */ = {isa = PBXFileReference; lastKnownFileType = sourcecode.swift; path = Brawl_StarsTests.swift; sourceTree = "<group>"; };
		8C4D2EC62909D2780007DAAC /* Brawl StarsUITests.xctest */ = {isa = PBXFileReference; explicitFileType = wrapper.cfbundle; includeInIndex = 0; path = "Brawl StarsUITests.xctest"; sourceTree = BUILT_PRODUCTS_DIR; };
		8C4D2ECA2909D2780007DAAC /* Brawl_StarsUITests.swift */ = {isa = PBXFileReference; lastKnownFileType = sourcecode.swift; path = Brawl_StarsUITests.swift; sourceTree = "<group>"; };
		8C4D2ECC2909D2780007DAAC /* Brawl_StarsUITestsLaunchTests.swift */ = {isa = PBXFileReference; lastKnownFileType = sourcecode.swift; path = Brawl_StarsUITestsLaunchTests.swift; sourceTree = "<group>"; };
		8C5EAA7B29106E4B00661102 /* UIView+ConstraintsExt.swift */ = {isa = PBXFileReference; lastKnownFileType = sourcecode.swift; path = "UIView+ConstraintsExt.swift"; sourceTree = "<group>"; };
		8C5EAA7D29106ECB00661102 /* UIViewController+EmbedExt.swift */ = {isa = PBXFileReference; lastKnownFileType = sourcecode.swift; path = "UIViewController+EmbedExt.swift"; sourceTree = "<group>"; };
		D980060CCFE95C695117187D /* BrawlerListViewController.swift */ = {isa = PBXFileReference; fileEncoding = 4; lastKnownFileType = sourcecode.swift; path = BrawlerListViewController.swift; sourceTree = "<group>"; };
		D98237C037ADF4C9AAA90AC3 /* BrawlStarsApi.swift */ = {isa = PBXFileReference; fileEncoding = 4; lastKnownFileType = sourcecode.swift; path = BrawlStarsApi.swift; sourceTree = "<group>"; };
		D98257FCD6B57008C7CBAB69 /* BrawlerListInteractor.swift */ = {isa = PBXFileReference; fileEncoding = 4; lastKnownFileType = sourcecode.swift; path = BrawlerListInteractor.swift; sourceTree = "<group>"; };
		D9848A644D89B009D189A922 /* BrawlerList.swift */ = {isa = PBXFileReference; fileEncoding = 4; lastKnownFileType = sourcecode.swift; path = BrawlerList.swift; sourceTree = "<group>"; };
		D984A00D639EE5CB74D61AC1 /* Accessory.swift */ = {isa = PBXFileReference; fileEncoding = 4; lastKnownFileType = sourcecode.swift; path = Accessory.swift; sourceTree = "<group>"; };
		D986C939475425D9C34DDC5B /* StarPower.swift */ = {isa = PBXFileReference; fileEncoding = 4; lastKnownFileType = sourcecode.swift; path = StarPower.swift; sourceTree = "<group>"; };
		D98B7563BAF653ECD9D9CC71 /* Brawler.swift */ = {isa = PBXFileReference; fileEncoding = 4; lastKnownFileType = sourcecode.swift; path = Brawler.swift; sourceTree = "<group>"; };
/* End PBXFileReference section */

/* Begin PBXFrameworksBuildPhase section */
		8C4D2EA32909D2760007DAAC /* Frameworks */ = {
			isa = PBXFrameworksBuildPhase;
			buildActionMask = 2147483647;
			files = (
			);
			runOnlyForDeploymentPostprocessing = 0;
		};
		8C4D2EB92909D2780007DAAC /* Frameworks */ = {
			isa = PBXFrameworksBuildPhase;
			buildActionMask = 2147483647;
			files = (
			);
			runOnlyForDeploymentPostprocessing = 0;
		};
		8C4D2EC32909D2780007DAAC /* Frameworks */ = {
			isa = PBXFrameworksBuildPhase;
			buildActionMask = 2147483647;
			files = (
			);
			runOnlyForDeploymentPostprocessing = 0;
		};
/* End PBXFrameworksBuildPhase section */

/* Begin PBXGroup section */
		8C4D2E9D2909D2760007DAAC = {
			isa = PBXGroup;
			children = (
				8C4D2EA82909D2760007DAAC /* Brawl Stars */,
				8C4D2EBF2909D2780007DAAC /* Brawl StarsTests */,
				8C4D2EC92909D2780007DAAC /* Brawl StarsUITests */,
				8C4D2EA72909D2760007DAAC /* Products */,
			);
			sourceTree = "<group>";
		};
		8C4D2EA72909D2760007DAAC /* Products */ = {
			isa = PBXGroup;
			children = (
				8C4D2EA62909D2760007DAAC /* Brawl Stars.app */,
				8C4D2EBC2909D2780007DAAC /* Brawl StarsTests.xctest */,
				8C4D2EC62909D2780007DAAC /* Brawl StarsUITests.xctest */,
			);
			name = Products;
			sourceTree = "<group>";
		};
		8C4D2EA82909D2760007DAAC /* Brawl Stars */ = {
			isa = PBXGroup;
			children = (
				8C4D2EDB2909D3D90007DAAC /* Resources */,
				8C4D2EDA2909D3CA0007DAAC /* App */,
				8C4D2ED92909D3BE0007DAAC /* Bootstrap */,
				8C4D2EB72909D2780007DAAC /* Info.plist */,
			);
			path = "Brawl Stars";
			sourceTree = "<group>";
		};
		8C4D2EBF2909D2780007DAAC /* Brawl StarsTests */ = {
			isa = PBXGroup;
			children = (
				8C4D2EC02909D2780007DAAC /* Brawl_StarsTests.swift */,
			);
			path = "Brawl StarsTests";
			sourceTree = "<group>";
		};
		8C4D2EC92909D2780007DAAC /* Brawl StarsUITests */ = {
			isa = PBXGroup;
			children = (
				8C4D2ECA2909D2780007DAAC /* Brawl_StarsUITests.swift */,
				8C4D2ECC2909D2780007DAAC /* Brawl_StarsUITestsLaunchTests.swift */,
			);
			path = "Brawl StarsUITests";
			sourceTree = "<group>";
		};
		8C4D2ED92909D3BE0007DAAC /* Bootstrap */ = {
			isa = PBXGroup;
			children = (
				8C4D2EA92909D2760007DAAC /* AppDelegate.swift */,
				8C4D2EAB2909D2760007DAAC /* SceneDelegate.swift */,
			);
			path = Bootstrap;
			sourceTree = "<group>";
		};
		8C4D2EDA2909D3CA0007DAAC /* App */ = {
			isa = PBXGroup;
			children = (
				8C4D2EAD2909D2760007DAAC /* ViewController.swift */,
				D982FA0004B2DA8221E76418 /* BrawlerList */,
				D98AAD34155EC53C6281986E /* Core */,
				D98A3B77128D5560550591CE /* Domain */,
				8C5EAA7A29106E0600661102 /* Utils */,
			);
			path = App;
			sourceTree = "<group>";
		};
		8C4D2EDB2909D3D90007DAAC /* Resources */ = {
			isa = PBXGroup;
			children = (
				8C4D2EB22909D2780007DAAC /* Assets.xcassets */,
				8C4D2EB42909D2780007DAAC /* LaunchScreen.storyboard */,
			);
			path = Resources;
			sourceTree = "<group>";
		};
		8C5EAA7A29106E0600661102 /* Utils */ = {
			isa = PBXGroup;
			children = (
				8C5EAA7B29106E4B00661102 /* UIView+ConstraintsExt.swift */,
				8C5EAA7D29106ECB00661102 /* UIViewController+EmbedExt.swift */,
			);
			path = Utils;
			sourceTree = "<group>";
		};
		D982FA0004B2DA8221E76418 /* BrawlerList */ = {
			isa = PBXGroup;
			children = (
				D98257FCD6B57008C7CBAB69 /* BrawlerListInteractor.swift */,
				D980060CCFE95C695117187D /* BrawlerListViewController.swift */,
			);
			path = BrawlerList;
			sourceTree = "<group>";
		};
		D98A3B77128D5560550591CE /* Domain */ = {
			isa = PBXGroup;
			children = (
				D98B7563BAF653ECD9D9CC71 /* Brawler.swift */,
				D9848A644D89B009D189A922 /* BrawlerList.swift */,
				D984A00D639EE5CB74D61AC1 /* Accessory.swift */,
				D986C939475425D9C34DDC5B /* StarPower.swift */,
			);
			path = Domain;
			sourceTree = "<group>";
		};
		D98AAD34155EC53C6281986E /* Core */ = {
			isa = PBXGroup;
			children = (
				D98237C037ADF4C9AAA90AC3 /* BrawlStarsApi.swift */,
			);
			path = Core;
			sourceTree = "<group>";
		};
/* End PBXGroup section */

/* Begin PBXNativeTarget section */
		8C4D2EA52909D2760007DAAC /* Brawl Stars */ = {
			isa = PBXNativeTarget;
			buildConfigurationList = 8C4D2ED02909D2780007DAAC /* Build configuration list for PBXNativeTarget "Brawl Stars" */;
			buildPhases = (
				8C4D2EA22909D2760007DAAC /* Sources */,
				8C4D2EA32909D2760007DAAC /* Frameworks */,
				8C4D2EA42909D2760007DAAC /* Resources */,
			);
			buildRules = (
			);
			dependencies = (
			);
			name = "Brawl Stars";
			productName = "Brawl Stars";
			productReference = 8C4D2EA62909D2760007DAAC /* Brawl Stars.app */;
			productType = "com.apple.product-type.application";
		};
		8C4D2EBB2909D2780007DAAC /* Brawl StarsTests */ = {
			isa = PBXNativeTarget;
			buildConfigurationList = 8C4D2ED32909D2780007DAAC /* Build configuration list for PBXNativeTarget "Brawl StarsTests" */;
			buildPhases = (
				8C4D2EB82909D2780007DAAC /* Sources */,
				8C4D2EB92909D2780007DAAC /* Frameworks */,
				8C4D2EBA2909D2780007DAAC /* Resources */,
			);
			buildRules = (
			);
			dependencies = (
				8C4D2EBE2909D2780007DAAC /* PBXTargetDependency */,
			);
			name = "Brawl StarsTests";
			productName = "Brawl StarsTests";
			productReference = 8C4D2EBC2909D2780007DAAC /* Brawl StarsTests.xctest */;
			productType = "com.apple.product-type.bundle.unit-test";
		};
		8C4D2EC52909D2780007DAAC /* Brawl StarsUITests */ = {
			isa = PBXNativeTarget;
			buildConfigurationList = 8C4D2ED62909D2780007DAAC /* Build configuration list for PBXNativeTarget "Brawl StarsUITests" */;
			buildPhases = (
				8C4D2EC22909D2780007DAAC /* Sources */,
				8C4D2EC32909D2780007DAAC /* Frameworks */,
				8C4D2EC42909D2780007DAAC /* Resources */,
			);
			buildRules = (
			);
			dependencies = (
				8C4D2EC82909D2780007DAAC /* PBXTargetDependency */,
			);
			name = "Brawl StarsUITests";
			productName = "Brawl StarsUITests";
			productReference = 8C4D2EC62909D2780007DAAC /* Brawl StarsUITests.xctest */;
			productType = "com.apple.product-type.bundle.ui-testing";
		};
/* End PBXNativeTarget section */

/* Begin PBXProject section */
		8C4D2E9E2909D2760007DAAC /* Project object */ = {
			isa = PBXProject;
			attributes = {
				BuildIndependentTargetsInParallel = 1;
				LastSwiftUpdateCheck = 1400;
				LastUpgradeCheck = 1400;
				TargetAttributes = {
					8C4D2EA52909D2760007DAAC = {
						CreatedOnToolsVersion = 14.0.1;
					};
					8C4D2EBB2909D2780007DAAC = {
						CreatedOnToolsVersion = 14.0.1;
						TestTargetID = 8C4D2EA52909D2760007DAAC;
					};
					8C4D2EC52909D2780007DAAC = {
						CreatedOnToolsVersion = 14.0.1;
						TestTargetID = 8C4D2EA52909D2760007DAAC;
					};
				};
			};
			buildConfigurationList = 8C4D2EA12909D2760007DAAC /* Build configuration list for PBXProject "Brawl Stars" */;
			compatibilityVersion = "Xcode 14.0";
			developmentRegion = en;
			hasScannedForEncodings = 0;
			knownRegions = (
				en,
				Base,
			);
			mainGroup = 8C4D2E9D2909D2760007DAAC;
			productRefGroup = 8C4D2EA72909D2760007DAAC /* Products */;
			projectDirPath = "";
			projectRoot = "";
			targets = (
				8C4D2EA52909D2760007DAAC /* Brawl Stars */,
				8C4D2EBB2909D2780007DAAC /* Brawl StarsTests */,
				8C4D2EC52909D2780007DAAC /* Brawl StarsUITests */,
			);
		};
/* End PBXProject section */

/* Begin PBXResourcesBuildPhase section */
		8C4D2EA42909D2760007DAAC /* Resources */ = {
			isa = PBXResourcesBuildPhase;
			buildActionMask = 2147483647;
			files = (
				8C4D2EB62909D2780007DAAC /* LaunchScreen.storyboard in Resources */,
				8C4D2EB32909D2780007DAAC /* Assets.xcassets in Resources */,
			);
			runOnlyForDeploymentPostprocessing = 0;
		};
		8C4D2EBA2909D2780007DAAC /* Resources */ = {
			isa = PBXResourcesBuildPhase;
			buildActionMask = 2147483647;
			files = (
			);
			runOnlyForDeploymentPostprocessing = 0;
		};
		8C4D2EC42909D2780007DAAC /* Resources */ = {
			isa = PBXResourcesBuildPhase;
			buildActionMask = 2147483647;
			files = (
			);
			runOnlyForDeploymentPostprocessing = 0;
		};
/* End PBXResourcesBuildPhase section */

/* Begin PBXSourcesBuildPhase section */
		8C4D2EA22909D2760007DAAC /* Sources */ = {
			isa = PBXSourcesBuildPhase;
			buildActionMask = 2147483647;
			files = (
				8C5EAA7E29106ECB00661102 /* UIViewController+EmbedExt.swift in Sources */,
				8C4D2EAE2909D2760007DAAC /* ViewController.swift in Sources */,
				8C4D2EAA2909D2760007DAAC /* AppDelegate.swift in Sources */,
				8C4D2EAC2909D2760007DAAC /* SceneDelegate.swift in Sources */,
				8C5EAA7C29106E4B00661102 /* UIView+ConstraintsExt.swift in Sources */,
				D9826476BB8D6DF7A51B1DC0 /* Brawler.swift in Sources */,
				D9875905871C8C4A8ADDB733 /* BrawlStarsApi.swift in Sources */,
				D98E4397DE8CC0F986E47ED8 /* BrawlerList.swift in Sources */,
				D9887D0E4C4FBFF879294CBD /* Accessory.swift in Sources */,
				D98C4BD39798A5B1FF9A41E6 /* StarPower.swift in Sources */,
				D98942482A70104F5DC4AC31 /* BrawlerListInteractor.swift in Sources */,
				D98D1E76B4129A592E94ACAA /* BrawlerListViewController.swift in Sources */,
			);
			runOnlyForDeploymentPostprocessing = 0;
		};
		8C4D2EB82909D2780007DAAC /* Sources */ = {
			isa = PBXSourcesBuildPhase;
			buildActionMask = 2147483647;
			files = (
				8C4D2EC12909D2780007DAAC /* Brawl_StarsTests.swift in Sources */,
			);
			runOnlyForDeploymentPostprocessing = 0;
		};
		8C4D2EC22909D2780007DAAC /* Sources */ = {
			isa = PBXSourcesBuildPhase;
			buildActionMask = 2147483647;
			files = (
				8C4D2ECB2909D2780007DAAC /* Brawl_StarsUITests.swift in Sources */,
				8C4D2ECD2909D2780007DAAC /* Brawl_StarsUITestsLaunchTests.swift in Sources */,
			);
			runOnlyForDeploymentPostprocessing = 0;
		};
/* End PBXSourcesBuildPhase section */

/* Begin PBXTargetDependency section */
		8C4D2EBE2909D2780007DAAC /* PBXTargetDependency */ = {
			isa = PBXTargetDependency;
			target = 8C4D2EA52909D2760007DAAC /* Brawl Stars */;
			targetProxy = 8C4D2EBD2909D2780007DAAC /* PBXContainerItemProxy */;
		};
		8C4D2EC82909D2780007DAAC /* PBXTargetDependency */ = {
			isa = PBXTargetDependency;
			target = 8C4D2EA52909D2760007DAAC /* Brawl Stars */;
			targetProxy = 8C4D2EC72909D2780007DAAC /* PBXContainerItemProxy */;
		};
/* End PBXTargetDependency section */

/* Begin PBXVariantGroup section */
		8C4D2EB42909D2780007DAAC /* LaunchScreen.storyboard */ = {
			isa = PBXVariantGroup;
			children = (
				8C4D2EB52909D2780007DAAC /* Base */,
			);
			name = LaunchScreen.storyboard;
			sourceTree = "<group>";
		};
/* End PBXVariantGroup section */

/* Begin XCBuildConfiguration section */
		8C4D2ECE2909D2780007DAAC /* Debug */ = {
			isa = XCBuildConfiguration;
			buildSettings = {
				ALWAYS_SEARCH_USER_PATHS = NO;
				CLANG_ANALYZER_NONNULL = YES;
				CLANG_ANALYZER_NUMBER_OBJECT_CONVERSION = YES_AGGRESSIVE;
				CLANG_CXX_LANGUAGE_STANDARD = "gnu++20";
				CLANG_ENABLE_MODULES = YES;
				CLANG_ENABLE_OBJC_ARC = YES;
				CLANG_ENABLE_OBJC_WEAK = YES;
				CLANG_WARN_BLOCK_CAPTURE_AUTORELEASING = YES;
				CLANG_WARN_BOOL_CONVERSION = YES;
				CLANG_WARN_COMMA = YES;
				CLANG_WARN_CONSTANT_CONVERSION = YES;
				CLANG_WARN_DEPRECATED_OBJC_IMPLEMENTATIONS = YES;
				CLANG_WARN_DIRECT_OBJC_ISA_USAGE = YES_ERROR;
				CLANG_WARN_DOCUMENTATION_COMMENTS = YES;
				CLANG_WARN_EMPTY_BODY = YES;
				CLANG_WARN_ENUM_CONVERSION = YES;
				CLANG_WARN_INFINITE_RECURSION = YES;
				CLANG_WARN_INT_CONVERSION = YES;
				CLANG_WARN_NON_LITERAL_NULL_CONVERSION = YES;
				CLANG_WARN_OBJC_IMPLICIT_RETAIN_SELF = YES;
				CLANG_WARN_OBJC_LITERAL_CONVERSION = YES;
				CLANG_WARN_OBJC_ROOT_CLASS = YES_ERROR;
				CLANG_WARN_QUOTED_INCLUDE_IN_FRAMEWORK_HEADER = YES;
				CLANG_WARN_RANGE_LOOP_ANALYSIS = YES;
				CLANG_WARN_STRICT_PROTOTYPES = YES;
				CLANG_WARN_SUSPICIOUS_MOVE = YES;
				CLANG_WARN_UNGUARDED_AVAILABILITY = YES_AGGRESSIVE;
				CLANG_WARN_UNREACHABLE_CODE = YES;
				CLANG_WARN__DUPLICATE_METHOD_MATCH = YES;
				COPY_PHASE_STRIP = NO;
				DEBUG_INFORMATION_FORMAT = dwarf;
				ENABLE_STRICT_OBJC_MSGSEND = YES;
				ENABLE_TESTABILITY = YES;
				GCC_C_LANGUAGE_STANDARD = gnu11;
				GCC_DYNAMIC_NO_PIC = NO;
				GCC_NO_COMMON_BLOCKS = YES;
				GCC_OPTIMIZATION_LEVEL = 0;
				GCC_PREPROCESSOR_DEFINITIONS = (
					"DEBUG=1",
					"$(inherited)",
				);
				GCC_WARN_64_TO_32_BIT_CONVERSION = YES;
				GCC_WARN_ABOUT_RETURN_TYPE = YES_ERROR;
				GCC_WARN_UNDECLARED_SELECTOR = YES;
				GCC_WARN_UNINITIALIZED_AUTOS = YES_AGGRESSIVE;
				GCC_WARN_UNUSED_FUNCTION = YES;
				GCC_WARN_UNUSED_VARIABLE = YES;
				IPHONEOS_DEPLOYMENT_TARGET = 16.0;
				MTL_ENABLE_DEBUG_INFO = INCLUDE_SOURCE;
				MTL_FAST_MATH = YES;
				ONLY_ACTIVE_ARCH = YES;
				SDKROOT = iphoneos;
				SWIFT_ACTIVE_COMPILATION_CONDITIONS = DEBUG;
				SWIFT_OPTIMIZATION_LEVEL = "-Onone";
			};
			name = Debug;
		};
		8C4D2ECF2909D2780007DAAC /* Release */ = {
			isa = XCBuildConfiguration;
			buildSettings = {
				ALWAYS_SEARCH_USER_PATHS = NO;
				CLANG_ANALYZER_NONNULL = YES;
				CLANG_ANALYZER_NUMBER_OBJECT_CONVERSION = YES_AGGRESSIVE;
				CLANG_CXX_LANGUAGE_STANDARD = "gnu++20";
				CLANG_ENABLE_MODULES = YES;
				CLANG_ENABLE_OBJC_ARC = YES;
				CLANG_ENABLE_OBJC_WEAK = YES;
				CLANG_WARN_BLOCK_CAPTURE_AUTORELEASING = YES;
				CLANG_WARN_BOOL_CONVERSION = YES;
				CLANG_WARN_COMMA = YES;
				CLANG_WARN_CONSTANT_CONVERSION = YES;
				CLANG_WARN_DEPRECATED_OBJC_IMPLEMENTATIONS = YES;
				CLANG_WARN_DIRECT_OBJC_ISA_USAGE = YES_ERROR;
				CLANG_WARN_DOCUMENTATION_COMMENTS = YES;
				CLANG_WARN_EMPTY_BODY = YES;
				CLANG_WARN_ENUM_CONVERSION = YES;
				CLANG_WARN_INFINITE_RECURSION = YES;
				CLANG_WARN_INT_CONVERSION = YES;
				CLANG_WARN_NON_LITERAL_NULL_CONVERSION = YES;
				CLANG_WARN_OBJC_IMPLICIT_RETAIN_SELF = YES;
				CLANG_WARN_OBJC_LITERAL_CONVERSION = YES;
				CLANG_WARN_OBJC_ROOT_CLASS = YES_ERROR;
				CLANG_WARN_QUOTED_INCLUDE_IN_FRAMEWORK_HEADER = YES;
				CLANG_WARN_RANGE_LOOP_ANALYSIS = YES;
				CLANG_WARN_STRICT_PROTOTYPES = YES;
				CLANG_WARN_SUSPICIOUS_MOVE = YES;
				CLANG_WARN_UNGUARDED_AVAILABILITY = YES_AGGRESSIVE;
				CLANG_WARN_UNREACHABLE_CODE = YES;
				CLANG_WARN__DUPLICATE_METHOD_MATCH = YES;
				COPY_PHASE_STRIP = NO;
				DEBUG_INFORMATION_FORMAT = "dwarf-with-dsym";
				ENABLE_NS_ASSERTIONS = NO;
				ENABLE_STRICT_OBJC_MSGSEND = YES;
				GCC_C_LANGUAGE_STANDARD = gnu11;
				GCC_NO_COMMON_BLOCKS = YES;
				GCC_WARN_64_TO_32_BIT_CONVERSION = YES;
				GCC_WARN_ABOUT_RETURN_TYPE = YES_ERROR;
				GCC_WARN_UNDECLARED_SELECTOR = YES;
				GCC_WARN_UNINITIALIZED_AUTOS = YES_AGGRESSIVE;
				GCC_WARN_UNUSED_FUNCTION = YES;
				GCC_WARN_UNUSED_VARIABLE = YES;
				IPHONEOS_DEPLOYMENT_TARGET = 16.0;
				MTL_ENABLE_DEBUG_INFO = NO;
				MTL_FAST_MATH = YES;
				SDKROOT = iphoneos;
				SWIFT_COMPILATION_MODE = wholemodule;
				SWIFT_OPTIMIZATION_LEVEL = "-O";
				VALIDATE_PRODUCT = YES;
			};
			name = Release;
		};
		8C4D2ED12909D2780007DAAC /* Debug */ = {
			isa = XCBuildConfiguration;
			buildSettings = {
				ASSETCATALOG_COMPILER_APPICON_NAME = AppIcon;
				ASSETCATALOG_COMPILER_GLOBAL_ACCENT_COLOR_NAME = AccentColor;
				CODE_SIGN_STYLE = Automatic;
				CURRENT_PROJECT_VERSION = 1;
				DEVELOPMENT_TEAM = AGGG7W5JL7;
				GENERATE_INFOPLIST_FILE = YES;
				INFOPLIST_FILE = "Brawl Stars/Info.plist";
				INFOPLIST_KEY_UIApplicationSupportsIndirectInputEvents = YES;
				INFOPLIST_KEY_UILaunchStoryboardName = LaunchScreen;
				INFOPLIST_KEY_UISupportedInterfaceOrientations_iPad = "UIInterfaceOrientationPortrait UIInterfaceOrientationPortraitUpsideDown UIInterfaceOrientationLandscapeLeft UIInterfaceOrientationLandscapeRight";
				INFOPLIST_KEY_UISupportedInterfaceOrientations_iPhone = "UIInterfaceOrientationPortrait UIInterfaceOrientationLandscapeLeft UIInterfaceOrientationLandscapeRight";
				IPHONEOS_DEPLOYMENT_TARGET = 14.0;
				LD_RUNPATH_SEARCH_PATHS = (
					"$(inherited)",
					"@executable_path/Frameworks",
				);
				MARKETING_VERSION = 1.0;
				PRODUCT_BUNDLE_IDENTIFIER = "com.gifgroen.Brawl-Stars";
				PRODUCT_NAME = "$(TARGET_NAME)";
				SWIFT_EMIT_LOC_STRINGS = YES;
				SWIFT_VERSION = 5.0;
				TARGETED_DEVICE_FAMILY = "1,2";
			};
			name = Debug;
		};
		8C4D2ED22909D2780007DAAC /* Release */ = {
			isa = XCBuildConfiguration;
			buildSettings = {
				ASSETCATALOG_COMPILER_APPICON_NAME = AppIcon;
				ASSETCATALOG_COMPILER_GLOBAL_ACCENT_COLOR_NAME = AccentColor;
				CODE_SIGN_STYLE = Automatic;
				CURRENT_PROJECT_VERSION = 1;
				DEVELOPMENT_TEAM = AGGG7W5JL7;
				GENERATE_INFOPLIST_FILE = YES;
				INFOPLIST_FILE = "Brawl Stars/Info.plist";
				INFOPLIST_KEY_UIApplicationSupportsIndirectInputEvents = YES;
				INFOPLIST_KEY_UILaunchStoryboardName = LaunchScreen;
				INFOPLIST_KEY_UISupportedInterfaceOrientations_iPad = "UIInterfaceOrientationPortrait UIInterfaceOrientationPortraitUpsideDown UIInterfaceOrientationLandscapeLeft UIInterfaceOrientationLandscapeRight";
				INFOPLIST_KEY_UISupportedInterfaceOrientations_iPhone = "UIInterfaceOrientationPortrait UIInterfaceOrientationLandscapeLeft UIInterfaceOrientationLandscapeRight";
				IPHONEOS_DEPLOYMENT_TARGET = 14.0;
				LD_RUNPATH_SEARCH_PATHS = (
					"$(inherited)",
					"@executable_path/Frameworks",
				);
				MARKETING_VERSION = 1.0;
				PRODUCT_BUNDLE_IDENTIFIER = "com.gifgroen.Brawl-Stars";
				PRODUCT_NAME = "$(TARGET_NAME)";
				SWIFT_EMIT_LOC_STRINGS = YES;
				SWIFT_VERSION = 5.0;
				TARGETED_DEVICE_FAMILY = "1,2";
			};
			name = Release;
		};
		8C4D2ED42909D2780007DAAC /* Debug */ = {
			isa = XCBuildConfiguration;
			buildSettings = {
				ALWAYS_EMBED_SWIFT_STANDARD_LIBRARIES = YES;
				BUNDLE_LOADER = "$(TEST_HOST)";
				CODE_SIGN_STYLE = Automatic;
				CURRENT_PROJECT_VERSION = 1;
				DEVELOPMENT_TEAM = AGGG7W5JL7;
				GENERATE_INFOPLIST_FILE = YES;
				IPHONEOS_DEPLOYMENT_TARGET = 16.0;
				MARKETING_VERSION = 1.0;
				PRODUCT_BUNDLE_IDENTIFIER = "com.gifgroen.Brawl-StarsTests";
				PRODUCT_NAME = "$(TARGET_NAME)";
				SWIFT_EMIT_LOC_STRINGS = NO;
				SWIFT_VERSION = 5.0;
				TARGETED_DEVICE_FAMILY = "1,2";
				TEST_HOST = "$(BUILT_PRODUCTS_DIR)/Brawl Stars.app/$(BUNDLE_EXECUTABLE_FOLDER_PATH)/Brawl Stars";
			};
			name = Debug;
		};
		8C4D2ED52909D2780007DAAC /* Release */ = {
			isa = XCBuildConfiguration;
			buildSettings = {
				ALWAYS_EMBED_SWIFT_STANDARD_LIBRARIES = YES;
				BUNDLE_LOADER = "$(TEST_HOST)";
				CODE_SIGN_STYLE = Automatic;
				CURRENT_PROJECT_VERSION = 1;
				DEVELOPMENT_TEAM = AGGG7W5JL7;
				GENERATE_INFOPLIST_FILE = YES;
				IPHONEOS_DEPLOYMENT_TARGET = 16.0;
				MARKETING_VERSION = 1.0;
				PRODUCT_BUNDLE_IDENTIFIER = "com.gifgroen.Brawl-StarsTests";
				PRODUCT_NAME = "$(TARGET_NAME)";
				SWIFT_EMIT_LOC_STRINGS = NO;
				SWIFT_VERSION = 5.0;
				TARGETED_DEVICE_FAMILY = "1,2";
				TEST_HOST = "$(BUILT_PRODUCTS_DIR)/Brawl Stars.app/$(BUNDLE_EXECUTABLE_FOLDER_PATH)/Brawl Stars";
			};
			name = Release;
		};
		8C4D2ED72909D2780007DAAC /* Debug */ = {
			isa = XCBuildConfiguration;
			buildSettings = {
				ALWAYS_EMBED_SWIFT_STANDARD_LIBRARIES = YES;
				CODE_SIGN_STYLE = Automatic;
				CURRENT_PROJECT_VERSION = 1;
				DEVELOPMENT_TEAM = AGGG7W5JL7;
				GENERATE_INFOPLIST_FILE = YES;
				MARKETING_VERSION = 1.0;
				PRODUCT_BUNDLE_IDENTIFIER = "com.gifgroen.Brawl-StarsUITests";
				PRODUCT_NAME = "$(TARGET_NAME)";
				SWIFT_EMIT_LOC_STRINGS = NO;
				SWIFT_VERSION = 5.0;
				TARGETED_DEVICE_FAMILY = "1,2";
				TEST_TARGET_NAME = "Brawl Stars";
			};
			name = Debug;
		};
		8C4D2ED82909D2780007DAAC /* Release */ = {
			isa = XCBuildConfiguration;
			buildSettings = {
				ALWAYS_EMBED_SWIFT_STANDARD_LIBRARIES = YES;
				CODE_SIGN_STYLE = Automatic;
				CURRENT_PROJECT_VERSION = 1;
				DEVELOPMENT_TEAM = AGGG7W5JL7;
				GENERATE_INFOPLIST_FILE = YES;
				MARKETING_VERSION = 1.0;
				PRODUCT_BUNDLE_IDENTIFIER = "com.gifgroen.Brawl-StarsUITests";
				PRODUCT_NAME = "$(TARGET_NAME)";
				SWIFT_EMIT_LOC_STRINGS = NO;
				SWIFT_VERSION = 5.0;
				TARGETED_DEVICE_FAMILY = "1,2";
				TEST_TARGET_NAME = "Brawl Stars";
			};
			name = Release;
		};
/* End XCBuildConfiguration section */

/* Begin XCConfigurationList section */
		8C4D2EA12909D2760007DAAC /* Build configuration list for PBXProject "Brawl Stars" */ = {
			isa = XCConfigurationList;
			buildConfigurations = (
				8C4D2ECE2909D2780007DAAC /* Debug */,
				8C4D2ECF2909D2780007DAAC /* Release */,
			);
			defaultConfigurationIsVisible = 0;
			defaultConfigurationName = Release;
		};
		8C4D2ED02909D2780007DAAC /* Build configuration list for PBXNativeTarget "Brawl Stars" */ = {
			isa = XCConfigurationList;
			buildConfigurations = (
				8C4D2ED12909D2780007DAAC /* Debug */,
				8C4D2ED22909D2780007DAAC /* Release */,
			);
			defaultConfigurationIsVisible = 0;
			defaultConfigurationName = Release;
		};
		8C4D2ED32909D2780007DAAC /* Build configuration list for PBXNativeTarget "Brawl StarsTests" */ = {
			isa = XCConfigurationList;
			buildConfigurations = (
				8C4D2ED42909D2780007DAAC /* Debug */,
				8C4D2ED52909D2780007DAAC /* Release */,
			);
			defaultConfigurationIsVisible = 0;
			defaultConfigurationName = Release;
		};
		8C4D2ED62909D2780007DAAC /* Build configuration list for PBXNativeTarget "Brawl StarsUITests" */ = {
			isa = XCConfigurationList;
			buildConfigurations = (
				8C4D2ED72909D2780007DAAC /* Debug */,
				8C4D2ED82909D2780007DAAC /* Release */,
			);
			defaultConfigurationIsVisible = 0;
			defaultConfigurationName = Release;
		};
/* End XCConfigurationList section */
	};
	rootObject = 8C4D2E9E2909D2760007DAAC /* Project object */;
}
